<?xml version="1.0" encoding="utf-8"?>
<Project ToolsVersion="4.0" xmlns="http://schemas.microsoft.com/developer/msbuild/2003">
  <ItemGroup>
    <ClCompile Include="Game.cpp" />
    <ClCompile Include="GameCamera.cpp" />
    <ClCompile Include="main.cpp" />
    <ClCompile Include="NPole.cpp" />
    <ClCompile Include="Player.cpp" />
    <ClCompile Include="SPole.cpp" />
    <ClCompile Include="Stage.cpp" />
    <ClCompile Include="stdafx.cpp" />
    <ClCompile Include="character\CharacterController.cpp" />
    <ClCompile Include="GameObject\GameObjectManager.cpp" />
    <ClCompile Include="GameObject\IGameObject.cpp" />
    <ClCompile Include="GPUView\ShaderResourceView.cpp" />
    <ClCompile Include="GPUView\UnorderedAccessView.cpp" />
    <ClCompile Include="graphics\animation\Animation.cpp" />
    <ClCompile Include="graphics\animation\AnimationClip.cpp" />
    <ClCompile Include="graphics\animation\AnimationPlayController.cpp" />
    <ClCompile Include="graphics\Camera.cpp" />
    <ClCompile Include="graphics\GraphicsEngine.cpp" />
    <ClCompile Include="graphics\Shader.cpp" />
    <ClCompile Include="graphics\ShaderResources.cpp" />
    <ClCompile Include="graphics\Skeleton.cpp" />
    <ClCompile Include="graphics\SkinModel.cpp" />
    <ClCompile Include="graphics\SkinModelDataManager.cpp" />
    <ClCompile Include="graphics\SkinModelEffect.cpp" />
    <ClCompile Include="HID\Pad.cpp" />
    <ClCompile Include="level\Level.cpp" />
    <ClCompile Include="level\MapChip.cpp" />
    <ClCompile Include="physics\CapsuleCollider.cpp" />
    <ClCompile Include="physics\MeshCollider.cpp" />
    <ClCompile Include="physics\Physics.cpp" />
    <ClCompile Include="physics\PhysicsStaticObject.cpp" />
    <ClCompile Include="physics\RigidBody.cpp" />
    <ClCompile Include="math\kMath.cpp" />
    <ClCompile Include="math\Matrix.cpp" />
    <ClCompile Include="math\Vector.cpp" />
    <ClCompile Include="system\system.cpp" />
    <ClCompile Include="stageObject1.cpp" />
    <ClCompile Include="myEngine.cpp" />
    <ClCompile Include="GPUBuffer\StructuredBuffer.cpp" />
    <ClCompile Include="GPUBuffer\IndexBuffer.cpp" />
    <ClCompile Include="GPUBuffer\vertexBuffer.cpp" />
    <ClCompile Include="GPUBuffer\GPUBuffer.cpp" />
    <ClCompile Include="stageObject2.cpp" />
    <ClCompile Include="GPUBuffer\ConstantBuffer.cpp" />
    <ClCompile Include="graphics\Primitive.cpp" />
    <ClCompile Include="graphics\2D\Sprite.cpp" />
    <ClCompile Include="graphics\2D\ex2D.cpp" />
    <ClCompile Include="graphics\2D\SpriteRender.cpp" />
    <ClCompile Include="SampleNetworkLogic.cpp" />
    <ClCompile Include="stageObjectJenerator.cpp" />
    <ClCompile Include="Iwa.cpp" />
    <ClCompile Include="Magnet.cpp" />
    <ClCompile Include="MagnetManager.cpp" />
    <ClCompile Include="myListener.cpp" />
    <ClCompile Include="GamePad.cpp" />
  </ItemGroup>
  <ItemGroup>
    <MeshContentTask Include="Assets\modelData\NPole.FBX" />
    <MeshContentTask Include="Assets\modelData\Player.FBX" />
    <MeshContentTask Include="Assets\modelData\SPole.FBX" />
    <MeshContentTask Include="Assets\modelData\stage_00.FBX" />
    <MeshContentTask Include="Assets\modelData\unityChan.fbx" />
    <MeshContentTask Include="Assets\modelData\TogeToge.FBX" />
    <MeshContentTask Include="Assets\modelData\maruToge.FBX" />
    <MeshContentTask Include="Assets\modelData\iwa.fbx" />
  </ItemGroup>
  <ItemGroup>
    <ClInclude Include="Game.h" />
    <ClInclude Include="GameCamera.h" />
    <ClInclude Include="NPole.h" />
    <ClInclude Include="Player.h" />
    <ClInclude Include="SPole.h" />
    <ClInclude Include="Stage.h" />
    <ClInclude Include="stdafx.h" />
    <ClInclude Include="character\CharacterController.h" />
    <ClInclude Include="GameObject\GameObjectManager.h" />
    <ClInclude Include="GameObject\IGameObject.h" />
    <ClInclude Include="GPUView\ShaderResourceView.h" />
    <ClInclude Include="GPUView\UnorderedAccessView.h" />
    <ClInclude Include="graphics\animation\Animation.h" />
    <ClInclude Include="graphics\animation\AnimationClip.h" />
    <ClInclude Include="graphics\animation\AnimationPlayController.h" />
    <ClInclude Include="graphics\Camera.h" />
    <ClInclude Include="graphics\GraphicsEngine.h" />
    <ClInclude Include="graphics\Shader.h" />
    <ClInclude Include="graphics\ShaderResources.h" />
    <ClInclude Include="graphics\Skeleton.h" />
    <ClInclude Include="graphics\SkinModel.h" />
    <ClInclude Include="graphics\SkinModelDataManager.h" />
    <ClInclude Include="graphics\SkinModelEffect.h" />
    <ClInclude Include="graphics\SkinModelShaderConst.h" />
    <ClInclude Include="HID\Pad.h" />
    <ClInclude Include="level\Level.h" />
    <ClInclude Include="level\MapChip.h" />
    <ClInclude Include="physics\CapsuleCollider.h" />
    <ClInclude Include="physics\CollisionAttr.h" />
    <ClInclude Include="physics\ICollider.h" />
    <ClInclude Include="physics\MeshCollider.h" />
    <ClInclude Include="physics\Physics.h" />
    <ClInclude Include="physics\PhysicsStaticObject.h" />
    <ClInclude Include="physics\RigidBody.h" />
    <ClInclude Include="math\kMath.h" />
    <ClInclude Include="math\Matrix.h" />
    <ClInclude Include="math\Vector.h" />
    <ClInclude Include="system\system.h" />
    <ClInclude Include="util\Util.h" />
    <ClInclude Include="stageObject1.h" />
    <ClInclude Include="myEngine.h" />
    <ClInclude Include="GPUBuffer\StructuredBuffer.h" />
    <ClInclude Include="GPUBuffer\IndexBuffer.h" />
    <ClInclude Include="GPUBuffer\vertexBuffer.h" />
    <ClInclude Include="GPUBuffer\GPUBuffer.h" />
    <ClInclude Include="stageObject2.h" />
    <ClInclude Include="GPUBuffer\ConstantBuffer.h" />
    <ClInclude Include="graphics\Primitive.h" />
    <ClInclude Include="graphics\2D\Sprite.h" />
    <ClInclude Include="graphics\2D\ex2D.h" />
    <ClInclude Include="graphics\2D\SpriteRender.h" />
    <ClInclude Include="SampleNetworkLogic.h" />
    <ClInclude Include="stageObjectJenerator.h" />
    <ClInclude Include="Iwa.h" />
    <ClInclude Include="Magnet.h" />
    <ClInclude Include="MagnetManager.h" />
    <ClInclude Include="myListener.h" />
    <ClInclude Include="GamePad.h" />
  </ItemGroup>
  <ItemGroup>
    <Image Include="Assets\modelData\CheckPoint2.png" />
    <Image Include="Assets\modelData\huriko.jpg" />
    <Image Include="Assets\modelData\metal_00001.jpg" />
    <Image Include="Assets\modelData\metal_00005.jpg" />
    <Image Include="Assets\modelData\metal_00007.jpg" />
    <Image Include="Assets\modelData\metal_00078.jpg" />
    <Image Include="Assets\modelData\stage1.jpg" />
    <Image Include="Assets\modelData\stone_00010.jpg" />
    <Image Include="Assets\sprite\dummy.png" />
  </ItemGroup>
  <ItemGroup>
    <ImageContentTask Include="Assets\modelData\a.png" />
    <ImageContentTask Include="Assets\modelData\dummy.png" />
    <ImageContentTask Include="Assets\sprite\utc_all2.tga" />
    <ImageContentTask Include="Assets\sprite\MagnetBlue.png" />
    <ImageContentTask Include="Assets\sprite\MagnetRed.png" />
    <ImageContentTask Include="Assets\sprite\MagnetZero.png" />
  </ItemGroup>
</Project>